
Microsoft Visual Studio Solution File, Format Version 12.00
# Visual Studio 15
VisualStudioVersion = 15.0.26228.9
MinimumVisualStudioVersion = 10.0.40219.1
Project("{FAE04EC0-301F-11D3-BF4B-00C04F79EFBC}") = "BUR_UI", "BUR_UI\BUR_UI.csproj", "{BA2F9035-A0C8-4EEB-BE36-0C2AAFDAAA63}"
EndProject
Project("{FAE04EC0-301F-11D3-BF4B-00C04F79EFBC}") = "BUR_UI.Logic", "BUR_UI.Domain\BUR_UI.Logic.csproj", "{92A613B9-E15A-41C0-8C01-FE149C96964E}"
EndProject
Project("{FAE04EC0-301F-11D3-BF4B-00C04F79EFBC}") = "BUR_UI.Interface", "BUR_UI.Interface\BUR_UI.Interface.csproj", "{4E110985-4758-47F3-BBE0-96A41D51BDD7}"
EndProject
Project("{FAE04EC0-301F-11D3-BF4B-00C04F79EFBC}") = "BUR_UI.Entities", "BUR_UI.Data\BUR_UI.Entities.csproj", "{FA435031-E3AE-4331-9B62-7026EBF993DC}"
EndProject
Project("{FAE04EC0-301F-11D3-BF4B-00C04F79EFBC}") = "BUR_UI.Context", "BUR_UI.Context\BUR_UI.Context.csproj", "{4836DC32-19B1-4D3E-95AA-B4AFD7CE6BA8}"
EndProject
Global
	GlobalSection(SolutionConfigurationPlatforms) = preSolution
		CD_ROM|Any CPU = CD_ROM|Any CPU
		Debug|Any CPU = Debug|Any CPU
		DVD-5|Any CPU = DVD-5|Any CPU
		Release|Any CPU = Release|Any CPU
		SingleImage|Any CPU = SingleImage|Any CPU
	EndGlobalSection
	GlobalSection(ProjectConfigurationPlatforms) = postSolution
		{BA2F9035-A0C8-4EEB-BE36-0C2AAFDAAA63}.CD_ROM|Any CPU.ActiveCfg = Release|Any CPU
		{BA2F9035-A0C8-4EEB-BE36-0C2AAFDAAA63}.CD_ROM|Any CPU.Build.0 = Release|Any CPU
		{BA2F9035-A0C8-4EEB-BE36-0C2AAFDAAA63}.Debug|Any CPU.ActiveCfg = Debug|Any CPU
		{BA2F9035-A0C8-4EEB-BE36-0C2AAFDAAA63}.Debug|Any CPU.Build.0 = Debug|Any CPU
		{BA2F9035-A0C8-4EEB-BE36-0C2AAFDAAA63}.DVD-5|Any CPU.ActiveCfg = Debug|Any CPU
		{BA2F9035-A0C8-4EEB-BE36-0C2AAFDAAA63}.DVD-5|Any CPU.Build.0 = Debug|Any CPU
		{BA2F9035-A0C8-4EEB-BE36-0C2AAFDAAA63}.Release|Any CPU.ActiveCfg = Release|Any CPU
		{BA2F9035-A0C8-4EEB-BE36-0C2AAFDAAA63}.Release|Any CPU.Build.0 = Release|Any CPU
		{BA2F9035-A0C8-4EEB-BE36-0C2AAFDAAA63}.SingleImage|Any CPU.ActiveCfg = Release|Any CPU
		{BA2F9035-A0C8-4EEB-BE36-0C2AAFDAAA63}.SingleImage|Any CPU.Build.0 = Release|Any CPU
		{92A613B9-E15A-41C0-8C01-FE149C96964E}.CD_ROM|Any CPU.ActiveCfg = Release|Any CPU
		{92A613B9-E15A-41C0-8C01-FE149C96964E}.CD_ROM|Any CPU.Build.0 = Release|Any CPU
		{92A613B9-E15A-41C0-8C01-FE149C96964E}.Debug|Any CPU.ActiveCfg = Debug|Any CPU
		{92A613B9-E15A-41C0-8C01-FE149C96964E}.Debug|Any CPU.Build.0 = Debug|Any CPU
		{92A613B9-E15A-41C0-8C01-FE149C96964E}.DVD-5|Any CPU.ActiveCfg = Debug|Any CPU
		{92A613B9-E15A-41C0-8C01-FE149C96964E}.DVD-5|Any CPU.Build.0 = Debug|Any CPU
		{92A613B9-E15A-41C0-8C01-FE149C96964E}.Release|Any CPU.ActiveCfg = Release|Any CPU
		{92A613B9-E15A-41C0-8C01-FE149C96964E}.Release|Any CPU.Build.0 = Release|Any CPU
		{92A613B9-E15A-41C0-8C01-FE149C96964E}.SingleImage|Any CPU.ActiveCfg = Release|Any CPU
		{92A613B9-E15A-41C0-8C01-FE149C96964E}.SingleImage|Any CPU.Build.0 = Release|Any CPU
		{4E110985-4758-47F3-BBE0-96A41D51BDD7}.CD_ROM|Any CPU.ActiveCfg = Release|Any CPU
		{4E110985-4758-47F3-BBE0-96A41D51BDD7}.CD_ROM|Any CPU.Build.0 = Release|Any CPU
		{4E110985-4758-47F3-BBE0-96A41D51BDD7}.Debug|Any CPU.ActiveCfg = Debug|Any CPU
		{4E110985-4758-47F3-BBE0-96A41D51BDD7}.Debug|Any CPU.Build.0 = Debug|Any CPU
		{4E110985-4758-47F3-BBE0-96A41D51BDD7}.DVD-5|Any CPU.ActiveCfg = Debug|Any CPU
		{4E110985-4758-47F3-BBE0-96A41D51BDD7}.DVD-5|Any CPU.Build.0 = Debug|Any CPU
		{4E110985-4758-47F3-BBE0-96A41D51BDD7}.Release|Any CPU.ActiveCfg = Release|Any CPU
		{4E110985-4758-47F3-BBE0-96A41D51BDD7}.Release|Any CPU.Build.0 = Release|Any CPU
		{4E110985-4758-47F3-BBE0-96A41D51BDD7}.SingleImage|Any CPU.ActiveCfg = Release|Any CPU
		{4E110985-4758-47F3-BBE0-96A41D51BDD7}.SingleImage|Any CPU.Build.0 = Release|Any CPU
		{FA435031-E3AE-4331-9B62-7026EBF993DC}.CD_ROM|Any CPU.ActiveCfg = Release|Any CPU
		{FA435031-E3AE-4331-9B62-7026EBF993DC}.CD_ROM|Any CPU.Build.0 = Release|Any CPU
		{FA435031-E3AE-4331-9B62-7026EBF993DC}.Debug|Any CPU.ActiveCfg = Debug|Any CPU
		{FA435031-E3AE-4331-9B62-7026EBF993DC}.Debug|Any CPU.Build.0 = Debug|Any CPU
		{FA435031-E3AE-4331-9B62-7026EBF993DC}.DVD-5|Any CPU.ActiveCfg = Debug|Any CPU
		{FA435031-E3AE-4331-9B62-7026EBF993DC}.DVD-5|Any CPU.Build.0 = Debug|Any CPU
		{FA435031-E3AE-4331-9B62-7026EBF993DC}.Release|Any CPU.ActiveCfg = Release|Any CPU
		{FA435031-E3AE-4331-9B62-7026EBF993DC}.Release|Any CPU.Build.0 = Release|Any CPU
		{FA435031-E3AE-4331-9B62-7026EBF993DC}.SingleImage|Any CPU.ActiveCfg = Release|Any CPU
		{FA435031-E3AE-4331-9B62-7026EBF993DC}.SingleImage|Any CPU.Build.0 = Release|Any CPU
		{4836DC32-19B1-4D3E-95AA-B4AFD7CE6BA8}.CD_ROM|Any CPU.ActiveCfg = Release|Any CPU
		{4836DC32-19B1-4D3E-95AA-B4AFD7CE6BA8}.CD_ROM|Any CPU.Build.0 = Release|Any CPU
		{4836DC32-19B1-4D3E-95AA-B4AFD7CE6BA8}.Debug|Any CPU.ActiveCfg = Debug|Any CPU
		{4836DC32-19B1-4D3E-95AA-B4AFD7CE6BA8}.Debug|Any CPU.Build.0 = Debug|Any CPU
		{4836DC32-19B1-4D3E-95AA-B4AFD7CE6BA8}.DVD-5|Any CPU.ActiveCfg = Debug|Any CPU
		{4836DC32-19B1-4D3E-95AA-B4AFD7CE6BA8}.DVD-5|Any CPU.Build.0 = Debug|Any CPU
		{4836DC32-19B1-4D3E-95AA-B4AFD7CE6BA8}.Release|Any CPU.ActiveCfg = Release|Any CPU
		{4836DC32-19B1-4D3E-95AA-B4AFD7CE6BA8}.Release|Any CPU.Build.0 = Release|Any CPU
		{4836DC32-19B1-4D3E-95AA-B4AFD7CE6BA8}.SingleImage|Any CPU.ActiveCfg = Release|Any CPU
		{4836DC32-19B1-4D3E-95AA-B4AFD7CE6BA8}.SingleImage|Any CPU.Build.0 = Release|Any CPU
	EndGlobalSection
	GlobalSection(SolutionProperties) = preSolution
		HideSolutionNode = FALSE
	EndGlobalSection
EndGlobal
